
Microsoft Visual Studio Solution File, Format Version 12.00
# Visual Studio Version 17
VisualStudioVersion = 17.11.35303.130
MinimumVisualStudioVersion = 10.0.40219.1
Project("{FAE04EC0-301F-11D3-BF4B-00C04F79EFBC}") = "Homify", "Homify\Homify.csproj", "{2B71B431-97B2-4C87-B431-A1D64E126422}"
EndProject
Global
	GlobalSection(SolutionConfigurationPlatforms) = preSolution
		Debug|Any CPU = Debug|Any CPU
		Release|Any CPU = Release|Any CPU
	EndGlobalSection
	GlobalSection(ProjectConfigurationPlatforms) = postSolution
		{2B71B431-97B2-4C87-B431-A1D64E126422}.Debug|Any CPU.ActiveCfg = Debug|Any CPU
		{2B71B431-97B2-4C87-B431-A1D64E126422}.Debug|Any CPU.Build.0 = Debug|Any CPU
		{2B71B431-97B2-4C87-B431-A1D64E126422}.Release|Any CPU.ActiveCfg = Release|Any CPU
		{2B71B431-97B2-4C87-B431-A1D64E126422}.Release|Any CPU.Build.0 = Release|Any CPU
	EndGlobalSection
	GlobalSection(SolutionProperties) = preSolution
		HideSolutionNode = FALSE
	EndGlobalSection
	GlobalSection(ExtensibilityGlobals) = postSolution
		SolutionGuid = {1BAE1240-8A0E-4D2C-AA8C-DE3D727318FE}
	EndGlobalSection
EndGlobal
